
Microsoft Visual Studio Solution File, Format Version 12.00
# Visual Studio Version 16
VisualStudioVersion = 16.0.30523.141
MinimumVisualStudioVersion = 10.0.40219.1
Project("{8BC9CEB8-8B4A-11D0-8D11-00A0C91BC942}") = "chap01_test01", "chap01_test01.vcxproj", "{BB747000-6521-44FC-AE8F-0119CDDB5192}"
EndProject
Project("{8BC9CEB8-8B4A-11D0-8D11-00A0C91BC942}") = "chap03_test01", "..\chap03_test01\chap03_test01.vcxproj", "{F9B17CB9-5ED6-427C-B263-D136CDA027E4}"
EndProject
Project("{8BC9CEB8-8B4A-11D0-8D11-00A0C91BC942}") = "chap05_test01", "..\chap05_test01\chap05_test01.vcxproj", "{5479A4B6-76AE-49C4-A91A-3EBCBDEF9F77}"
EndProject
Project("{8BC9CEB8-8B4A-11D0-8D11-00A0C91BC942}") = "chap05_test02", "..\chap05_test02\chap05_test02.vcxproj", "{61A1772F-E45C-4C8E-B233-85D7D442938C}"
EndProject
Project("{8BC9CEB8-8B4A-11D0-8D11-00A0C91BC942}") = "chap06_test01", "..\chap06_test01\chap06_test01.vcxproj", "{0B8FD666-BEB7-4063-A85B-F8AD10241EE6}"
EndProject
Project("{8BC9CEB8-8B4A-11D0-8D11-00A0C91BC942}") = "chap06_test02", "..\chap06_test02\chap06_test02.vcxproj", "{77224E32-0F7F-4B3F-AC22-CE3091120F70}"
EndProject
Project("{8BC9CEB8-8B4A-11D0-8D11-00A0C91BC942}") = "chap07_test01", "..\chap07_test01\chap07_test01.vcxproj", "{61E27647-9538-42AD-8B5A-F3FD779E26BD}"
EndProject
Project("{8BC9CEB8-8B4A-11D0-8D11-00A0C91BC942}") = "chap08_test01", "..\chap08_test01\chap08_test01.vcxproj", "{A5D7151B-58ED-45E8-B718-DA227009F922}"
EndProject
Project("{8BC9CEB8-8B4A-11D0-8D11-00A0C91BC942}") = "chap08_test02", "..\chap08_test02\chap08_test02.vcxproj", "{4B6E61AD-A51E-46EA-860A-CFC8AAC05B74}"
EndProject
Project("{8BC9CEB8-8B4A-11D0-8D11-00A0C91BC942}") = "chap08_test03", "..\chap08_test03\chap08_test03.vcxproj", "{D1F863FC-BD4A-4D2C-B77A-528B25480F25}"
EndProject
Project("{8BC9CEB8-8B4A-11D0-8D11-00A0C91BC942}") = "chap09_test01", "..\chap09_test01\chap09_test01.vcxproj", "{AE34FFC7-95A7-495D-8E48-BB020596A764}"
EndProject
Project("{8BC9CEB8-8B4A-11D0-8D11-00A0C91BC942}") = "chap09_gugudan", "..\chap09_gugudan\chap09_gugudan.vcxproj", "{99C0B31C-F88E-45B4-B2DB-040028A8CAED}"
EndProject
Project("{8BC9CEB8-8B4A-11D0-8D11-00A0C91BC942}") = "chap09_astrick", "..\chap09_astrick\chap09_astrick.vcxproj", "{662F4820-02EC-433C-8110-BF2E4FDDE9A4}"
EndProject
Global
	GlobalSection(SolutionConfigurationPlatforms) = preSolution
		Debug|x64 = Debug|x64
		Debug|x86 = Debug|x86
		Release|x64 = Release|x64
		Release|x86 = Release|x86
	EndGlobalSection
	GlobalSection(ProjectConfigurationPlatforms) = postSolution
		{BB747000-6521-44FC-AE8F-0119CDDB5192}.Debug|x64.ActiveCfg = Debug|x64
		{BB747000-6521-44FC-AE8F-0119CDDB5192}.Debug|x64.Build.0 = Debug|x64
		{BB747000-6521-44FC-AE8F-0119CDDB5192}.Debug|x86.ActiveCfg = Debug|Win32
		{BB747000-6521-44FC-AE8F-0119CDDB5192}.Debug|x86.Build.0 = Debug|Win32
		{BB747000-6521-44FC-AE8F-0119CDDB5192}.Release|x64.ActiveCfg = Release|x64
		{BB747000-6521-44FC-AE8F-0119CDDB5192}.Release|x64.Build.0 = Release|x64
		{BB747000-6521-44FC-AE8F-0119CDDB5192}.Release|x86.ActiveCfg = Release|Win32
		{BB747000-6521-44FC-AE8F-0119CDDB5192}.Release|x86.Build.0 = Release|Win32
		{F9B17CB9-5ED6-427C-B263-D136CDA027E4}.Debug|x64.ActiveCfg = Debug|x64
		{F9B17CB9-5ED6-427C-B263-D136CDA027E4}.Debug|x64.Build.0 = Debug|x64
		{F9B17CB9-5ED6-427C-B263-D136CDA027E4}.Debug|x86.ActiveCfg = Debug|Win32
		{F9B17CB9-5ED6-427C-B263-D136CDA027E4}.Debug|x86.Build.0 = Debug|Win32
		{F9B17CB9-5ED6-427C-B263-D136CDA027E4}.Release|x64.ActiveCfg = Release|x64
		{F9B17CB9-5ED6-427C-B263-D136CDA027E4}.Release|x64.Build.0 = Release|x64
		{F9B17CB9-5ED6-427C-B263-D136CDA027E4}.Release|x86.ActiveCfg = Release|Win32
		{F9B17CB9-5ED6-427C-B263-D136CDA027E4}.Release|x86.Build.0 = Release|Win32
		{5479A4B6-76AE-49C4-A91A-3EBCBDEF9F77}.Debug|x64.ActiveCfg = Debug|x64
		{5479A4B6-76AE-49C4-A91A-3EBCBDEF9F77}.Debug|x64.Build.0 = Debug|x64
		{5479A4B6-76AE-49C4-A91A-3EBCBDEF9F77}.Debug|x86.ActiveCfg = Debug|Win32
		{5479A4B6-76AE-49C4-A91A-3EBCBDEF9F77}.Debug|x86.Build.0 = Debug|Win32
		{5479A4B6-76AE-49C4-A91A-3EBCBDEF9F77}.Release|x64.ActiveCfg = Release|x64
		{5479A4B6-76AE-49C4-A91A-3EBCBDEF9F77}.Release|x64.Build.0 = Release|x64
		{5479A4B6-76AE-49C4-A91A-3EBCBDEF9F77}.Release|x86.ActiveCfg = Release|Win32
		{5479A4B6-76AE-49C4-A91A-3EBCBDEF9F77}.Release|x86.Build.0 = Release|Win32
		{61A1772F-E45C-4C8E-B233-85D7D442938C}.Debug|x64.ActiveCfg = Debug|x64
		{61A1772F-E45C-4C8E-B233-85D7D442938C}.Debug|x64.Build.0 = Debug|x64
		{61A1772F-E45C-4C8E-B233-85D7D442938C}.Debug|x86.ActiveCfg = Debug|Win32
		{61A1772F-E45C-4C8E-B233-85D7D442938C}.Debug|x86.Build.0 = Debug|Win32
		{61A1772F-E45C-4C8E-B233-85D7D442938C}.Release|x64.ActiveCfg = Release|x64
		{61A1772F-E45C-4C8E-B233-85D7D442938C}.Release|x64.Build.0 = Release|x64
		{61A1772F-E45C-4C8E-B233-85D7D442938C}.Release|x86.ActiveCfg = Release|Win32
		{61A1772F-E45C-4C8E-B233-85D7D442938C}.Release|x86.Build.0 = Release|Win32
		{0B8FD666-BEB7-4063-A85B-F8AD10241EE6}.Debug|x64.ActiveCfg = Debug|x64
		{0B8FD666-BEB7-4063-A85B-F8AD10241EE6}.Debug|x64.Build.0 = Debug|x64
		{0B8FD666-BEB7-4063-A85B-F8AD10241EE6}.Debug|x86.ActiveCfg = Debug|Win32
		{0B8FD666-BEB7-4063-A85B-F8AD10241EE6}.Debug|x86.Build.0 = Debug|Win32
		{0B8FD666-BEB7-4063-A85B-F8AD10241EE6}.Release|x64.ActiveCfg = Release|x64
		{0B8FD666-BEB7-4063-A85B-F8AD10241EE6}.Release|x64.Build.0 = Release|x64
		{0B8FD666-BEB7-4063-A85B-F8AD10241EE6}.Release|x86.ActiveCfg = Release|Win32
		{0B8FD666-BEB7-4063-A85B-F8AD10241EE6}.Release|x86.Build.0 = Release|Win32
		{77224E32-0F7F-4B3F-AC22-CE3091120F70}.Debug|x64.ActiveCfg = Debug|x64
		{77224E32-0F7F-4B3F-AC22-CE3091120F70}.Debug|x64.Build.0 = Debug|x64
		{77224E32-0F7F-4B3F-AC22-CE3091120F70}.Debug|x86.ActiveCfg = Debug|Win32
		{77224E32-0F7F-4B3F-AC22-CE3091120F70}.Debug|x86.Build.0 = Debug|Win32
		{77224E32-0F7F-4B3F-AC22-CE3091120F70}.Release|x64.ActiveCfg = Release|x64
		{77224E32-0F7F-4B3F-AC22-CE3091120F70}.Release|x64.Build.0 = Release|x64
		{77224E32-0F7F-4B3F-AC22-CE3091120F70}.Release|x86.ActiveCfg = Release|Win32
		{77224E32-0F7F-4B3F-AC22-CE3091120F70}.Release|x86.Build.0 = Release|Win32
		{61E27647-9538-42AD-8B5A-F3FD779E26BD}.Debug|x64.ActiveCfg = Debug|x64
		{61E27647-9538-42AD-8B5A-F3FD779E26BD}.Debug|x64.Build.0 = Debug|x64
		{61E27647-9538-42AD-8B5A-F3FD779E26BD}.Debug|x86.ActiveCfg = Debug|Win32
		{61E27647-9538-42AD-8B5A-F3FD779E26BD}.Debug|x86.Build.0 = Debug|Win32
		{61E27647-9538-42AD-8B5A-F3FD779E26BD}.Release|x64.ActiveCfg = Release|x64
		{61E27647-9538-42AD-8B5A-F3FD779E26BD}.Release|x64.Build.0 = Release|x64
		{61E27647-9538-42AD-8B5A-F3FD779E26BD}.Release|x86.ActiveCfg = Release|Win32
		{61E27647-9538-42AD-8B5A-F3FD779E26BD}.Release|x86.Build.0 = Release|Win32
		{A5D7151B-58ED-45E8-B718-DA227009F922}.Debug|x64.ActiveCfg = Debug|x64
		{A5D7151B-58ED-45E8-B718-DA227009F922}.Debug|x64.Build.0 = Debug|x64
		{A5D7151B-58ED-45E8-B718-DA227009F922}.Debug|x86.ActiveCfg = Debug|Win32
		{A5D7151B-58ED-45E8-B718-DA227009F922}.Debug|x86.Build.0 = Debug|Win32
		{A5D7151B-58ED-45E8-B718-DA227009F922}.Release|x64.ActiveCfg = Release|x64
		{A5D7151B-58ED-45E8-B718-DA227009F922}.Release|x64.Build.0 = Release|x64
		{A5D7151B-58ED-45E8-B718-DA227009F922}.Release|x86.ActiveCfg = Release|Win32
		{A5D7151B-58ED-45E8-B718-DA227009F922}.Release|x86.Build.0 = Release|Win32
		{4B6E61AD-A51E-46EA-860A-CFC8AAC05B74}.Debug|x64.ActiveCfg = Debug|x64
		{4B6E61AD-A51E-46EA-860A-CFC8AAC05B74}.Debug|x64.Build.0 = Debug|x64
		{4B6E61AD-A51E-46EA-860A-CFC8AAC05B74}.Debug|x86.ActiveCfg = Debug|Win32
		{4B6E61AD-A51E-46EA-860A-CFC8AAC05B74}.Debug|x86.Build.0 = Debug|Win32
		{4B6E61AD-A51E-46EA-860A-CFC8AAC05B74}.Release|x64.ActiveCfg = Release|x64
		{4B6E61AD-A51E-46EA-860A-CFC8AAC05B74}.Release|x64.Build.0 = Release|x64
		{4B6E61AD-A51E-46EA-860A-CFC8AAC05B74}.Release|x86.ActiveCfg = Release|Win32
		{4B6E61AD-A51E-46EA-860A-CFC8AAC05B74}.Release|x86.Build.0 = Release|Win32
		{D1F863FC-BD4A-4D2C-B77A-528B25480F25}.Debug|x64.ActiveCfg = Debug|x64
		{D1F863FC-BD4A-4D2C-B77A-528B25480F25}.Debug|x64.Build.0 = Debug|x64
		{D1F863FC-BD4A-4D2C-B77A-528B25480F25}.Debug|x86.ActiveCfg = Debug|Win32
		{D1F863FC-BD4A-4D2C-B77A-528B25480F25}.Debug|x86.Build.0 = Debug|Win32
		{D1F863FC-BD4A-4D2C-B77A-528B25480F25}.Release|x64.ActiveCfg = Release|x64
		{D1F863FC-BD4A-4D2C-B77A-528B25480F25}.Release|x64.Build.0 = Release|x64
		{D1F863FC-BD4A-4D2C-B77A-528B25480F25}.Release|x86.ActiveCfg = Release|Win32
		{D1F863FC-BD4A-4D2C-B77A-528B25480F25}.Release|x86.Build.0 = Release|Win32
		{AE34FFC7-95A7-495D-8E48-BB020596A764}.Debug|x64.ActiveCfg = Debug|x64
		{AE34FFC7-95A7-495D-8E48-BB020596A764}.Debug|x64.Build.0 = Debug|x64
		{AE34FFC7-95A7-495D-8E48-BB020596A764}.Debug|x86.ActiveCfg = Debug|Win32
		{AE34FFC7-95A7-495D-8E48-BB020596A764}.Debug|x86.Build.0 = Debug|Win32
		{AE34FFC7-95A7-495D-8E48-BB020596A764}.Release|x64.ActiveCfg = Release|x64
		{AE34FFC7-95A7-495D-8E48-BB020596A764}.Release|x64.Build.0 = Release|x64
		{AE34FFC7-95A7-495D-8E48-BB020596A764}.Release|x86.ActiveCfg = Release|Win32
		{AE34FFC7-95A7-495D-8E48-BB020596A764}.Release|x86.Build.0 = Release|Win32
		{99C0B31C-F88E-45B4-B2DB-040028A8CAED}.Debug|x64.ActiveCfg = Debug|x64
		{99C0B31C-F88E-45B4-B2DB-040028A8CAED}.Debug|x64.Build.0 = Debug|x64
		{99C0B31C-F88E-45B4-B2DB-040028A8CAED}.Debug|x86.ActiveCfg = Debug|Win32
		{99C0B31C-F88E-45B4-B2DB-040028A8CAED}.Debug|x86.Build.0 = Debug|Win32
		{99C0B31C-F88E-45B4-B2DB-040028A8CAED}.Release|x64.ActiveCfg = Release|x64
		{99C0B31C-F88E-45B4-B2DB-040028A8CAED}.Release|x64.Build.0 = Release|x64
		{99C0B31C-F88E-45B4-B2DB-040028A8CAED}.Release|x86.ActiveCfg = Release|Win32
		{99C0B31C-F88E-45B4-B2DB-040028A8CAED}.Release|x86.Build.0 = Release|Win32
		{662F4820-02EC-433C-8110-BF2E4FDDE9A4}.Debug|x64.ActiveCfg = Debug|x64
		{662F4820-02EC-433C-8110-BF2E4FDDE9A4}.Debug|x64.Build.0 = Debug|x64
		{662F4820-02EC-433C-8110-BF2E4FDDE9A4}.Debug|x86.ActiveCfg = Debug|Win32
		{662F4820-02EC-433C-8110-BF2E4FDDE9A4}.Debug|x86.Build.0 = Debug|Win32
		{662F4820-02EC-433C-8110-BF2E4FDDE9A4}.Release|x64.ActiveCfg = Release|x64
		{662F4820-02EC-433C-8110-BF2E4FDDE9A4}.Release|x64.Build.0 = Release|x64
		{662F4820-02EC-433C-8110-BF2E4FDDE9A4}.Release|x86.ActiveCfg = Release|Win32
		{662F4820-02EC-433C-8110-BF2E4FDDE9A4}.Release|x86.Build.0 = Release|Win32
	EndGlobalSection
	GlobalSection(SolutionProperties) = preSolution
		HideSolutionNode = FALSE
	EndGlobalSection
	GlobalSection(ExtensibilityGlobals) = postSolution
		SolutionGuid = {CC71D805-6706-41AB-BFDC-B6F0F8434E69}
	EndGlobalSection
EndGlobal
